
Microsoft Visual Studio Solution File, Format Version 12.00
# Visual Studio 14
VisualStudioVersion = 14.0.25123.0
MinimumVisualStudioVersion = 10.0.40219.1
Project("{C0C4F4A3-2E24-4F43-BAFA-CBB134005E21}") = "Sitecore.Support.354830", "Sitecore.Support.354830\Sitecore.Support.354830.csproj", "{D2BDD8A5-9F70-4256-98B4-2FD17026DE76}"
EndProject
Global
	GlobalSection(SolutionConfigurationPlatforms) = preSolution
		Debug|Any CPU = Debug|Any CPU
		Release|Any CPU = Release|Any CPU
	EndGlobalSection
	GlobalSection(ProjectConfigurationPlatforms) = postSolution
		{D2BDD8A5-9F70-4256-98B4-2FD17026DE76}.Debug|Any CPU.ActiveCfg = Debug|Any CPU
		{D2BDD8A5-9F70-4256-98B4-2FD17026DE76}.Debug|Any CPU.Build.0 = Debug|Any CPU
		{D2BDD8A5-9F70-4256-98B4-2FD17026DE76}.Release|Any CPU.ActiveCfg = Release|Any CPU
		{D2BDD8A5-9F70-4256-98B4-2FD17026DE76}.Release|Any CPU.Build.0 = Release|Any CPU
	EndGlobalSection
	GlobalSection(SolutionProperties) = preSolution
		HideSolutionNode = FALSE
	EndGlobalSection
EndGlobal
